{
  "originHash" : "331209a8a01a2c26e76aeacb9d49cfe487b576126ea60becadb016bfa7416ec5",
  "pins" : [
    {
      "identity" : "countrypicker",
      "kind" : "remoteSourceControl",
      "location" : "https://github.com/mobven/CountryPicker.git",
      "state" : {
        "revision" : "6225c2933fea6abdb8171718b22bbe289706a7aa",
        "version" : "2.0.3"
      }
    },
    {
      "identity" : "fakery",
      "kind" : "remoteSourceControl",
      "location" : "https://github.com/vadymmarkov/Fakery.git",
      "state" : {
        "revision" : "71cb3bf36a808534659d1248780c2bf3c4c4fc91",
        "version" : "5.1.0"
      }
    }
  ],
  "version" : 3
}
