// !$*UTF8*$!
{
	archiveVersion = 1;
	classes = {
	};
	objectVersion = 56;
	objects = {

/* Begin PBXBuildFile section */
		171A202C2C4A90920001241B /* CountryPicker in Frameworks */ = {isa = PBXBuildFile; productRef = 171A202B2C4A90920001241B /* CountryPicker */; };
		1780E7832C4A0FB9004A6DA6 /* Model.xcdatamodeld in Sources */ = {isa = PBXBuildFile; fileRef = 1780E7812C4A0FB9004A6DA6 /* Model.xcdatamodeld */; };
		1780E7AE2C4A13AF004A6DA6 /* File.swift in Sources */ = {isa = PBXBuildFile; fileRef = 1780E7AD2C4A13AF004A6DA6 /* File.swift */; };
		179A948B2C4A279D0077E7CD /* add:edit worker.swift in Sources */ = {isa = PBXBuildFile; fileRef = 179A948A2C4A279D0077E7CD /* add:edit worker.swift */; };
		17CAAA3C2C433234003C3770 /* _0_6_core_dataApp.swift in Sources */ = {isa = PBXBuildFile; fileRef = 17CAAA3B2C433234003C3770 /* _0_6_core_dataApp.swift */; };
		17CAAA3E2C433234003C3770 /* ContentView.swift in Sources */ = {isa = PBXBuildFile; fileRef = 17CAAA3D2C433234003C3770 /* ContentView.swift */; };
		17E53BC62C4FBB8100C21120 /* Fakery in Frameworks */ = {isa = PBXBuildFile; productRef = 17E53BC52C4FBB8100C21120 /* Fakery */; };
/* End PBXBuildFile section */

/* Begin PBXFileReference section */
		1780E7822C4A0FB9004A6DA6 /* Model.xcdatamodel */ = {isa = PBXFileReference; lastKnownFileType = wrapper.xcdatamodel; path = Model.xcdatamodel; sourceTree = "<group>"; };
		1780E7AD2C4A13AF004A6DA6 /* File.swift */ = {isa = PBXFileReference; lastKnownFileType = sourcecode.swift; name = File.swift; path = "20.6 core data/core data/File.swift"; sourceTree = SOURCE_ROOT; };
		179A948A2C4A279D0077E7CD /* add:edit worker.swift */ = {isa = PBXFileReference; lastKnownFileType = sourcecode.swift; path = "add:edit worker.swift"; sourceTree = SOURCE_ROOT; };
		17CAAA382C433234003C3770 /* 20.6 core data.app */ = {isa = PBXFileReference; explicitFileType = wrapper.application; includeInIndex = 0; name = "20.6 core data.app"; path = "/Users/tab/Documents/SWIFT/20.6 core data/build/Debug-iphoneos/20.6 core data.app"; sourceTree = "<absolute>"; };
		17CAAA3B2C433234003C3770 /* _0_6_core_dataApp.swift */ = {isa = PBXFileReference; lastKnownFileType = sourcecode.swift; path = _0_6_core_dataApp.swift; sourceTree = "<group>"; };
		17CAAA3D2C433234003C3770 /* ContentView.swift */ = {isa = PBXFileReference; lastKnownFileType = sourcecode.swift; path = ContentView.swift; sourceTree = "<group>"; };
/* End PBXFileReference section */

/* Begin PBXFrameworksBuildPhase section */
		17CAAA352C433234003C3770 /* Frameworks */ = {
			isa = PBXFrameworksBuildPhase;
			buildActionMask = 2147483647;
			files = (
				17E53BC62C4FBB8100C21120 /* Fakery in Frameworks */,
				171A202C2C4A90920001241B /* CountryPicker in Frameworks */,
			);
			runOnlyForDeploymentPostprocessing = 0;
		};
/* End PBXFrameworksBuildPhase section */

/* Begin PBXGroup section */
		1780E7802C4A0FA8004A6DA6 /* core data */ = {
			isa = PBXGroup;
			children = (
				1780E7AD2C4A13AF004A6DA6 /* File.swift */,
				1780E7812C4A0FB9004A6DA6 /* Model.xcdatamodeld */,
			);
			path = "core data";
			sourceTree = "<group>";
		};
		17CAAA2F2C433234003C3770 = {
			isa = PBXGroup;
			children = (
				17CAAA3A2C433234003C3770 /* 20.6 core data */,
			);
			sourceTree = "<group>";
		};
		17CAAA3A2C433234003C3770 /* 20.6 core data */ = {
			isa = PBXGroup;
			children = (
				17CAAA3B2C433234003C3770 /* _0_6_core_dataApp.swift */,
				17CAAA3D2C433234003C3770 /* ContentView.swift */,
				179A948A2C4A279D0077E7CD /* add:edit worker.swift */,
				1780E7802C4A0FA8004A6DA6 /* core data */,
			);
			path = "20.6 core data";
			sourceTree = "<group>";
		};
/* End PBXGroup section */

/* Begin PBXNativeTarget section */
		17CAAA372C433234003C3770 /* 20.6 core data */ = {
			isa = PBXNativeTarget;
			buildConfigurationList = 17CAAA4B2C433235003C3770 /* Build configuration list for PBXNativeTarget "20.6 core data" */;
			buildPhases = (
				17CAAA342C433234003C3770 /* Sources */,
				17CAAA352C433234003C3770 /* Frameworks */,
				17CAAA362C433234003C3770 /* Resources */,
			);
			buildRules = (
			);
			dependencies = (
			);
			name = "20.6 core data";
			packageProductDependencies = (
				171A202B2C4A90920001241B /* CountryPicker */,
				17E53BC52C4FBB8100C21120 /* Fakery */,
			);
			productName = "20.6 core data";
			productReference = 17CAAA382C433234003C3770 /* 20.6 core data.app */;
			productType = "com.apple.product-type.application";
		};
/* End PBXNativeTarget section */

/* Begin PBXProject section */
		17CAAA302C433234003C3770 /* Project object */ = {
			isa = PBXProject;
			attributes = {
				BuildIndependentTargetsInParallel = 1;
				LastSwiftUpdateCheck = 1540;
				LastUpgradeCheck = 1540;
				TargetAttributes = {
					17CAAA372C433234003C3770 = {
						CreatedOnToolsVersion = 15.4;
					};
				};
			};
			buildConfigurationList = 17CAAA332C433234003C3770 /* Build configuration list for PBXProject "20.6 core data" */;
			compatibilityVersion = "Xcode 14.0";
			developmentRegion = en;
			hasScannedForEncodings = 0;
			knownRegions = (
				en,
				Base,
			);
			mainGroup = 17CAAA2F2C433234003C3770;
			packageReferences = (
				171A202A2C4A90920001241B /* XCRemoteSwiftPackageReference "CountryPicker" */,
				17E53BC42C4FBB8100C21120 /* XCRemoteSwiftPackageReference "Fakery" */,
			);
			productRefGroup = 17CAAA2F2C433234003C3770;
			projectDirPath = "";
			projectRoot = "";
			targets = (
				17CAAA372C433234003C3770 /* 20.6 core data */,
			);
		};
/* End PBXProject section */

/* Begin PBXResourcesBuildPhase section */
		17CAAA362C433234003C3770 /* Resources */ = {
			isa = PBXResourcesBuildPhase;
			buildActionMask = 2147483647;
			files = (
			);
			runOnlyForDeploymentPostprocessing = 0;
		};
/* End PBXResourcesBuildPhase section */

/* Begin PBXSourcesBuildPhase section */
		17CAAA342C433234003C3770 /* Sources */ = {
			isa = PBXSourcesBuildPhase;
			buildActionMask = 2147483647;
			files = (
				17CAAA3E2C433234003C3770 /* ContentView.swift in Sources */,
				179A948B2C4A279D0077E7CD /* add:edit worker.swift in Sources */,
				1780E7AE2C4A13AF004A6DA6 /* File.swift in Sources */,
				17CAAA3C2C433234003C3770 /* _0_6_core_dataApp.swift in Sources */,
				1780E7832C4A0FB9004A6DA6 /* Model.xcdatamodeld in Sources */,
			);
			runOnlyForDeploymentPostprocessing = 0;
		};
/* End PBXSourcesBuildPhase section */

/* Begin XCBuildConfiguration section */
		17CAAA492C433235003C3770 /* Debug */ = {
			isa = XCBuildConfiguration;
			buildSettings = {
				ALWAYS_SEARCH_USER_PATHS = NO;
				ASSETCATALOG_COMPILER_GENERATE_SWIFT_ASSET_SYMBOL_EXTENSIONS = YES;
				CLANG_ANALYZER_NONNULL = YES;
				CLANG_ANALYZER_NUMBER_OBJECT_CONVERSION = YES_AGGRESSIVE;
				CLANG_CXX_LANGUAGE_STANDARD = "gnu++20";
				CLANG_ENABLE_MODULES = YES;
				CLANG_ENABLE_OBJC_ARC = YES;
				CLANG_ENABLE_OBJC_WEAK = YES;
				CLANG_WARN_BLOCK_CAPTURE_AUTORELEASING = YES;
				CLANG_WARN_BOOL_CONVERSION = YES;
				CLANG_WARN_COMMA = YES;
				CLANG_WARN_CONSTANT_CONVERSION = YES;
				CLANG_WARN_DEPRECATED_OBJC_IMPLEMENTATIONS = YES;
				CLANG_WARN_DIRECT_OBJC_ISA_USAGE = YES_ERROR;
				CLANG_WARN_DOCUMENTATION_COMMENTS = YES;
				CLANG_WARN_EMPTY_BODY = YES;
				CLANG_WARN_ENUM_CONVERSION = YES;
				CLANG_WARN_INFINITE_RECURSION = YES;
				CLANG_WARN_INT_CONVERSION = YES;
				CLANG_WARN_NON_LITERAL_NULL_CONVERSION = YES;
				CLANG_WARN_OBJC_IMPLICIT_RETAIN_SELF = YES;
				CLANG_WARN_OBJC_LITERAL_CONVERSION = YES;
				CLANG_WARN_OBJC_ROOT_CLASS = YES_ERROR;
				CLANG_WARN_QUOTED_INCLUDE_IN_FRAMEWORK_HEADER = YES;
				CLANG_WARN_RANGE_LOOP_ANALYSIS = YES;
				CLANG_WARN_STRICT_PROTOTYPES = YES;
				CLANG_WARN_SUSPICIOUS_MOVE = YES;
				CLANG_WARN_UNGUARDED_AVAILABILITY = YES_AGGRESSIVE;
				CLANG_WARN_UNREACHABLE_CODE = YES;
				CLANG_WARN__DUPLICATE_METHOD_MATCH = YES;
				COPY_PHASE_STRIP = NO;
				DEBUG_INFORMATION_FORMAT = dwarf;
				ENABLE_STRICT_OBJC_MSGSEND = YES;
				ENABLE_TESTABILITY = YES;
				ENABLE_USER_SCRIPT_SANDBOXING = YES;
				GCC_C_LANGUAGE_STANDARD = gnu17;
				GCC_DYNAMIC_NO_PIC = NO;
				GCC_NO_COMMON_BLOCKS = YES;
				GCC_OPTIMIZATION_LEVEL = 0;
				GCC_PREPROCESSOR_DEFINITIONS = (
					"DEBUG=1",
					"$(inherited)",
				);
				GCC_WARN_64_TO_32_BIT_CONVERSION = YES;
				GCC_WARN_ABOUT_RETURN_TYPE = YES_ERROR;
				GCC_WARN_UNDECLARED_SELECTOR = YES;
				GCC_WARN_UNINITIALIZED_AUTOS = YES_AGGRESSIVE;
				GCC_WARN_UNUSED_FUNCTION = YES;
				GCC_WARN_UNUSED_VARIABLE = YES;
				IPHONEOS_DEPLOYMENT_TARGET = 17.5;
				LOCALIZATION_PREFERS_STRING_CATALOGS = YES;
				MTL_ENABLE_DEBUG_INFO = INCLUDE_SOURCE;
				MTL_FAST_MATH = YES;
				ONLY_ACTIVE_ARCH = YES;
				SDKROOT = iphoneos;
				SWIFT_ACTIVE_COMPILATION_CONDITIONS = "DEBUG $(inherited)";
				SWIFT_OPTIMIZATION_LEVEL = "-Onone";
			};
			name = Debug;
		};
		17CAAA4A2C433235003C3770 /* Release */ = {
			isa = XCBuildConfiguration;
			buildSettings = {
				ALWAYS_SEARCH_USER_PATHS = NO;
				ASSETCATALOG_COMPILER_GENERATE_SWIFT_ASSET_SYMBOL_EXTENSIONS = YES;
				CLANG_ANALYZER_NONNULL = YES;
				CLANG_ANALYZER_NUMBER_OBJECT_CONVERSION = YES_AGGRESSIVE;
				CLANG_CXX_LANGUAGE_STANDARD = "gnu++20";
				CLANG_ENABLE_MODULES = YES;
				CLANG_ENABLE_OBJC_ARC = YES;
				CLANG_ENABLE_OBJC_WEAK = YES;
				CLANG_WARN_BLOCK_CAPTURE_AUTORELEASING = YES;
				CLANG_WARN_BOOL_CONVERSION = YES;
				CLANG_WARN_COMMA = YES;
				CLANG_WARN_CONSTANT_CONVERSION = YES;
				CLANG_WARN_DEPRECATED_OBJC_IMPLEMENTATIONS = YES;
				CLANG_WARN_DIRECT_OBJC_ISA_USAGE = YES_ERROR;
				CLANG_WARN_DOCUMENTATION_COMMENTS = YES;
				CLANG_WARN_EMPTY_BODY = YES;
				CLANG_WARN_ENUM_CONVERSION = YES;
				CLANG_WARN_INFINITE_RECURSION = YES;
				CLANG_WARN_INT_CONVERSION = YES;
				CLANG_WARN_NON_LITERAL_NULL_CONVERSION = YES;
				CLANG_WARN_OBJC_IMPLICIT_RETAIN_SELF = YES;
				CLANG_WARN_OBJC_LITERAL_CONVERSION = YES;
				CLANG_WARN_OBJC_ROOT_CLASS = YES_ERROR;
				CLANG_WARN_QUOTED_INCLUDE_IN_FRAMEWORK_HEADER = YES;
				CLANG_WARN_RANGE_LOOP_ANALYSIS = YES;
				CLANG_WARN_STRICT_PROTOTYPES = YES;
				CLANG_WARN_SUSPICIOUS_MOVE = YES;
				CLANG_WARN_UNGUARDED_AVAILABILITY = YES_AGGRESSIVE;
				CLANG_WARN_UNREACHABLE_CODE = YES;
				CLANG_WARN__DUPLICATE_METHOD_MATCH = YES;
				COPY_PHASE_STRIP = NO;
				DEBUG_INFORMATION_FORMAT = "dwarf-with-dsym";
				ENABLE_NS_ASSERTIONS = NO;
				ENABLE_STRICT_OBJC_MSGSEND = YES;
				ENABLE_USER_SCRIPT_SANDBOXING = YES;
				GCC_C_LANGUAGE_STANDARD = gnu17;
				GCC_NO_COMMON_BLOCKS = YES;
				GCC_WARN_64_TO_32_BIT_CONVERSION = YES;
				GCC_WARN_ABOUT_RETURN_TYPE = YES_ERROR;
				GCC_WARN_UNDECLARED_SELECTOR = YES;
				GCC_WARN_UNINITIALIZED_AUTOS = YES_AGGRESSIVE;
				GCC_WARN_UNUSED_FUNCTION = YES;
				GCC_WARN_UNUSED_VARIABLE = YES;
				IPHONEOS_DEPLOYMENT_TARGET = 17.5;
				LOCALIZATION_PREFERS_STRING_CATALOGS = YES;
				MTL_ENABLE_DEBUG_INFO = NO;
				MTL_FAST_MATH = YES;
				SDKROOT = iphoneos;
				SWIFT_COMPILATION_MODE = wholemodule;
				VALIDATE_PRODUCT = YES;
			};
			name = Release;
		};
		17CAAA4C2C433235003C3770 /* Debug */ = {
			isa = XCBuildConfiguration;
			buildSettings = {
				ASSETCATALOG_COMPILER_APPICON_NAME = AppIcon;
				ASSETCATALOG_COMPILER_GLOBAL_ACCENT_COLOR_NAME = AccentColor;
				CODE_SIGN_STYLE = Automatic;
				CURRENT_PROJECT_VERSION = 1;
				DEVELOPMENT_ASSET_PATHS = "\"20.6 core data/Preview Content\"";
				DEVELOPMENT_TEAM = 94UH37ZMA3;
				ENABLE_PREVIEWS = YES;
				GENERATE_INFOPLIST_FILE = YES;
				INFOPLIST_KEY_UIApplicationSceneManifest_Generation = YES;
				INFOPLIST_KEY_UIApplicationSupportsIndirectInputEvents = YES;
				INFOPLIST_KEY_UILaunchScreen_Generation = YES;
				INFOPLIST_KEY_UISupportedInterfaceOrientations_iPad = "UIInterfaceOrientationPortrait UIInterfaceOrientationPortraitUpsideDown UIInterfaceOrientationLandscapeLeft UIInterfaceOrientationLandscapeRight";
				INFOPLIST_KEY_UISupportedInterfaceOrientations_iPhone = "UIInterfaceOrientationPortrait UIInterfaceOrientationLandscapeLeft UIInterfaceOrientationLandscapeRight";
				LD_RUNPATH_SEARCH_PATHS = (
					"$(inherited)",
					"@executable_path/Frameworks",
				);
				MARKETING_VERSION = 1.0;
				PRODUCT_BUNDLE_IDENTIFIER = "tab.-0-6-core-data";
				PRODUCT_NAME = "$(TARGET_NAME)";
				SWIFT_EMIT_LOC_STRINGS = YES;
				SWIFT_VERSION = 5.0;
				TARGETED_DEVICE_FAMILY = "1,2";
			};
			name = Debug;
		};
		17CAAA4D2C433235003C3770 /* Release */ = {
			isa = XCBuildConfiguration;
			buildSettings = {
				ASSETCATALOG_COMPILER_APPICON_NAME = AppIcon;
				ASSETCATALOG_COMPILER_GLOBAL_ACCENT_COLOR_NAME = AccentColor;
				CODE_SIGN_STYLE = Automatic;
				CURRENT_PROJECT_VERSION = 1;
				DEVELOPMENT_ASSET_PATHS = "\"20.6 core data/Preview Content\"";
				DEVELOPMENT_TEAM = 94UH37ZMA3;
				ENABLE_PREVIEWS = YES;
				GENERATE_INFOPLIST_FILE = YES;
				INFOPLIST_KEY_UIApplicationSceneManifest_Generation = YES;
				INFOPLIST_KEY_UIApplicationSupportsIndirectInputEvents = YES;
				INFOPLIST_KEY_UILaunchScreen_Generation = YES;
				INFOPLIST_KEY_UISupportedInterfaceOrientations_iPad = "UIInterfaceOrientationPortrait UIInterfaceOrientationPortraitUpsideDown UIInterfaceOrientationLandscapeLeft UIInterfaceOrientationLandscapeRight";
				INFOPLIST_KEY_UISupportedInterfaceOrientations_iPhone = "UIInterfaceOrientationPortrait UIInterfaceOrientationLandscapeLeft UIInterfaceOrientationLandscapeRight";
				LD_RUNPATH_SEARCH_PATHS = (
					"$(inherited)",
					"@executable_path/Frameworks",
				);
				MARKETING_VERSION = 1.0;
				PRODUCT_BUNDLE_IDENTIFIER = "tab.-0-6-core-data";
				PRODUCT_NAME = "$(TARGET_NAME)";
				SWIFT_EMIT_LOC_STRINGS = YES;
				SWIFT_VERSION = 5.0;
				TARGETED_DEVICE_FAMILY = "1,2";
			};
			name = Release;
		};
/* End XCBuildConfiguration section */

/* Begin XCConfigurationList section */
		17CAAA332C433234003C3770 /* Build configuration list for PBXProject "20.6 core data" */ = {
			isa = XCConfigurationList;
			buildConfigurations = (
				17CAAA492C433235003C3770 /* Debug */,
				17CAAA4A2C433235003C3770 /* Release */,
			);
			defaultConfigurationIsVisible = 0;
			defaultConfigurationName = Release;
		};
		17CAAA4B2C433235003C3770 /* Build configuration list for PBXNativeTarget "20.6 core data" */ = {
			isa = XCConfigurationList;
			buildConfigurations = (
				17CAAA4C2C433235003C3770 /* Debug */,
				17CAAA4D2C433235003C3770 /* Release */,
			);
			defaultConfigurationIsVisible = 0;
			defaultConfigurationName = Release;
		};
/* End XCConfigurationList section */

/* Begin XCRemoteSwiftPackageReference section */
		171A202A2C4A90920001241B /* XCRemoteSwiftPackageReference "CountryPicker" */ = {
			isa = XCRemoteSwiftPackageReference;
			repositoryURL = "https://github.com/mobven/CountryPicker.git";
			requirement = {
				kind = upToNextMajorVersion;
				minimumVersion = 2.0.3;
			};
		};
		17E53BC42C4FBB8100C21120 /* XCRemoteSwiftPackageReference "Fakery" */ = {
			isa = XCRemoteSwiftPackageReference;
			repositoryURL = "https://github.com/vadymmarkov/Fakery.git";
			requirement = {
				kind = upToNextMajorVersion;
				minimumVersion = 5.1.0;
			};
		};
/* End XCRemoteSwiftPackageReference section */

/* Begin XCSwiftPackageProductDependency section */
		171A202B2C4A90920001241B /* CountryPicker */ = {
			isa = XCSwiftPackageProductDependency;
			package = 171A202A2C4A90920001241B /* XCRemoteSwiftPackageReference "CountryPicker" */;
			productName = CountryPicker;
		};
		17E53BC52C4FBB8100C21120 /* Fakery */ = {
			isa = XCSwiftPackageProductDependency;
			package = 17E53BC42C4FBB8100C21120 /* XCRemoteSwiftPackageReference "Fakery" */;
			productName = Fakery;
		};
/* End XCSwiftPackageProductDependency section */

/* Begin XCVersionGroup section */
		1780E7812C4A0FB9004A6DA6 /* Model.xcdatamodeld */ = {
			isa = XCVersionGroup;
			children = (
				1780E7822C4A0FB9004A6DA6 /* Model.xcdatamodel */,
			);
			currentVersion = 1780E7822C4A0FB9004A6DA6 /* Model.xcdatamodel */;
			name = Model.xcdatamodeld;
			path = "/Users/tab/Documents/SWIFT/20.6 core data/20.6 core data/core data/Model.xcdatamodeld";
			sourceTree = "<group>";
			versionGroupType = wrapper.xcdatamodel;
		};
/* End XCVersionGroup section */
	};
	rootObject = 17CAAA302C433234003C3770 /* Project object */;
}
